
Microsoft Visual Studio Solution File, Format Version 12.00
# Visual Studio 14
VisualStudioVersion = 14.0.25123.0
MinimumVisualStudioVersion = 10.0.40219.1
Project("{54435603-DBB4-11D2-8724-00A0C9A8B90C}") = "Subutai", "Subutai\Subutai.vdproj", "{BA09DAAF-8B37-44B9-9D8A-B2A8895002E4}"
EndProject
Global
	GlobalSection(SolutionConfigurationPlatforms) = preSolution
		Debug|Default = Debug|Default
		Release|Default = Release|Default
	EndGlobalSection
	GlobalSection(ProjectConfigurationPlatforms) = postSolution
		{BA09DAAF-8B37-44B9-9D8A-B2A8895002E4}.Debug|Default.ActiveCfg = Debug
		{BA09DAAF-8B37-44B9-9D8A-B2A8895002E4}.Debug|Default.Build.0 = Debug
		{BA09DAAF-8B37-44B9-9D8A-B2A8895002E4}.Release|Default.ActiveCfg = Release
		{BA09DAAF-8B37-44B9-9D8A-B2A8895002E4}.Release|Default.Build.0 = Release
	EndGlobalSection
	GlobalSection(SolutionProperties) = preSolution
		HideSolutionNode = FALSE
	EndGlobalSection
EndGlobal
